<?xml version="1.0" encoding="utf-8"?>
<Project ToolsVersion="4.0" xmlns="http://schemas.microsoft.com/developer/msbuild/2003">
  <ItemGroup>
    <Filter Include="Fichiers sources">
      <UniqueIdentifier>{4FC737F1-C7A5-4376-A066-2A32D752A2FF}</UniqueIdentifier>
      <Extensions>cpp;c;cc;cxx;def;odl;idl;hpj;bat;asm;asmx</Extensions>
    </Filter>
    <Filter Include="Fichiers d%27en-tête">
      <UniqueIdentifier>{93995380-89BD-4b04-88EB-625FBE52EBFB}</UniqueIdentifier>
      <Extensions>h;hh;hpp;hxx;hm;inl;inc;xsd</Extensions>
    </Filter>
    <Filter Include="Fichiers de ressources">
      <UniqueIdentifier>{67DA6AB6-F800-4c08-8B7A-83BB121AAD01}</UniqueIdentifier>
      <Extensions>rc;ico;cur;bmp;dlg;rc2;rct;bin;rgs;gif;jpg;jpeg;jpe;resx;tiff;tif;png;wav;mfcribbon-ms</Extensions>
    </Filter>
    <Filter Include="Fichiers d%27en-tête\Viewer">
      <UniqueIdentifier>{8d970caf-a4fe-419a-9ea1-9a9f80219b78}</UniqueIdentifier>
    </Filter>
    <Filter Include="Fichiers sources\Viewer">
      <UniqueIdentifier>{1d901bb4-6e98-4474-9c4d-c30ffd5f3db9}</UniqueIdentifier>
    </Filter>
    <Filter Include="Fichiers sources\Game">
      <UniqueIdentifier>{fce813dd-2b34-4ed9-94d4-b98dd20a7cce}</UniqueIdentifier>
    </Filter>
    <Filter Include="Fichiers d%27en-tête\Game">
      <UniqueIdentifier>{16cc5ff0-a6da-422b-82f5-bf1b9df3e122}</UniqueIdentifier>
    </Filter>
    <Filter Include="Fichiers d%27en-tête\Monopoly">
      <UniqueIdentifier>{89a7ac3f-c2ec-4eff-91ba-69ece1d131ee}</UniqueIdentifier>
    </Filter>
    <Filter Include="Fichiers sources\Monopoly">
      <UniqueIdentifier>{ed471b48-02f4-49ca-8491-66d62e35c377}</UniqueIdentifier>
    </Filter>
    <Filter Include="Shader">
      <UniqueIdentifier>{7794aedf-0dc0-4451-b8af-9302f79c4687}</UniqueIdentifier>
    </Filter>
  </ItemGroup>
  <ItemGroup>
    <ClInclude Include="main.h">
      <Filter>Fichiers d%27en-tête</Filter>
    </ClInclude>
    <ClInclude Include="LoadFile.h">
      <Filter>Fichiers d%27en-tête</Filter>
    </ClInclude>
    <ClInclude Include="Camera.h">
      <Filter>Fichiers d%27en-tête\Viewer</Filter>
    </ClInclude>
    <ClInclude Include="Couleur.h">
      <Filter>Fichiers d%27en-tête\Viewer</Filter>
    </ClInclude>
    <ClInclude Include="opengl_3.h">
      <Filter>Fichiers d%27en-tête\Viewer</Filter>
    </ClInclude>
    <ClInclude Include="Viewer.h">
      <Filter>Fichiers d%27en-tête\Viewer</Filter>
    </ClInclude>
    <ClInclude Include="Zone.h">
      <Filter>Fichiers d%27en-tête\Viewer</Filter>
    </ClInclude>
    <ClInclude Include="Game.h">
      <Filter>Fichiers d%27en-tête\Game</Filter>
    </ClInclude>
    <ClInclude Include="Joueur.h">
      <Filter>Fichiers d%27en-tête\Game</Filter>
    </ClInclude>
    <ClInclude Include="Objet.h">
      <Filter>Fichiers d%27en-tête\Game</Filter>
    </ClInclude>
    <ClInclude Include="Ressource.h">
      <Filter>Fichiers d%27en-tête\Game</Filter>
    </ClInclude>
    <ClInclude Include="Action.h">
      <Filter>Fichiers d%27en-tête\Game</Filter>
    </ClInclude>
    <ClInclude Include="GameMonopoly.h">
      <Filter>Fichiers d%27en-tête\Monopoly</Filter>
    </ClInclude>
    <ClInclude Include="Bouton.h">
      <Filter>Fichiers d%27en-tête\Viewer</Filter>
    </ClInclude>
    <ClInclude Include="Case.h">
      <Filter>Fichiers d%27en-tête\Game</Filter>
    </ClInclude>
    <ClInclude Include="JoueurMonopoly.h">
      <Filter>Fichiers d%27en-tête\Monopoly</Filter>
    </ClInclude>
    <ClInclude Include="Shader\Shader.h">
      <Filter>Shader</Filter>
    </ClInclude>
  </ItemGroup>
  <ItemGroup>
    <ClCompile Include="main.cpp">
      <Filter>Fichiers sources</Filter>
    </ClCompile>
    <ClCompile Include="LoadFile.cpp">
      <Filter>Fichiers sources</Filter>
    </ClCompile>
    <ClCompile Include="Couleur.cpp">
      <Filter>Fichiers sources\Viewer</Filter>
    </ClCompile>
    <ClCompile Include="Zone.cpp">
      <Filter>Fichiers sources\Viewer</Filter>
    </ClCompile>
    <ClCompile Include="Viewer.cpp">
      <Filter>Fichiers sources\Viewer</Filter>
    </ClCompile>
    <ClCompile Include="opengl_3.cpp">
      <Filter>Fichiers sources\Viewer</Filter>
    </ClCompile>
    <ClCompile Include="Game.cpp">
      <Filter>Fichiers sources\Game</Filter>
    </ClCompile>
    <ClCompile Include="Joueur.cpp">
      <Filter>Fichiers sources\Game</Filter>
    </ClCompile>
    <ClCompile Include="Objet.cpp">
      <Filter>Fichiers sources\Game</Filter>
    </ClCompile>
    <ClCompile Include="Ressource.cpp">
      <Filter>Fichiers sources\Game</Filter>
    </ClCompile>
    <ClCompile Include="Action.cpp">
      <Filter>Fichiers sources\Game</Filter>
    </ClCompile>
    <ClCompile Include="GameMonopoly.cpp">
      <Filter>Fichiers sources\Monopoly</Filter>
    </ClCompile>
    <ClCompile Include="Bouton.cpp">
      <Filter>Fichiers sources\Viewer</Filter>
    </ClCompile>
    <ClCompile Include="Case.cpp">
      <Filter>Fichiers sources\Game</Filter>
    </ClCompile>
    <ClCompile Include="JoueurMonopoly.cpp">
      <Filter>Fichiers sources\Monopoly</Filter>
    </ClCompile>
    <ClCompile Include="Shader\Shader.cpp">
      <Filter>Shader</Filter>
    </ClCompile>
    <ClCompile Include="Camera.cpp">
      <Filter>Fichiers sources\Viewer</Filter>
    </ClCompile>
  </ItemGroup>
  <ItemGroup>
    <None Include="Shader\shaderTextured.frag">
      <Filter>Shader</Filter>
    </None>
    <None Include="Shader\shaderTextured.vert">
      <Filter>Shader</Filter>
    </None>
    <None Include="Shader\SimpleShader.frag">
      <Filter>Shader</Filter>
    </None>
    <None Include="Shader\SimpleShader.vert">
      <Filter>Shader</Filter>
    </None>
    <None Include="Shader\TextShader.frag">
      <Filter>Shader</Filter>
    </None>
    <None Include="Shader\TextShader.vert">
      <Filter>Shader</Filter>
    </None>
  </ItemGroup>
</Project>